
Microsoft Visual Studio Solution File, Format Version 12.00
# Visual Studio Version 17
VisualStudioVersion = 17.14.36717.8
MinimumVisualStudioVersion = 10.0.40219.1
Project("{2150E333-8FDC-42A3-9474-1A3956D46DE8}") = "Task0", "Task0", "{02EA681E-C7D8-13C7-8484-4AC65E1B71E8}"
EndProject
Project("{FAE04EC0-301F-11D3-BF4B-00C04F79EFBC}") = "Tyuiu.MazurkevichVS.Sprint6.Task0.V22.Lib", "Tyuiu.MazurkevichVS.Sprint6.Task0.V22.Lib\Tyuiu.MazurkevichVS.Sprint6.Task0.V22.Lib.csproj", "{2F512070-32A2-496C-B35D-B857C385DE0F}"
EndProject
Project("{FAE04EC0-301F-11D3-BF4B-00C04F79EFBC}") = "Tyuiu.MazurkevichVS.Sprint6.Task0.V22.Test", "Tyuiu.MazurkevichVS.Sprint6.Task0.V22.Test\Tyuiu.MazurkevichVS.Sprint6.Task0.V22.Test.csproj", "{DEAB65DB-AFD9-42FB-B272-A6F1266E9965}"
EndProject
Project("{2150E333-8FDC-42A3-9474-1A3956D46DE8}") = "Task1", "Task1", "{AAFDC364-D49B-4FFE-8AB4-7287AFCB04EA}"
EndProject
Project("{FAE04EC0-301F-11D3-BF4B-00C04F79EFBC}") = "Tyuiu.MazurkevichVS.Sprint6.Task1.V8.Lib", "Tyuiu.MazurkevichVS.Sprint6.Task1.V8.Lib\Tyuiu.MazurkevichVS.Sprint6.Task1.V8.Lib.csproj", "{C5D96BB4-0085-4549-96CE-2A420BCF68C2}"
EndProject
Project("{FAE04EC0-301F-11D3-BF4B-00C04F79EFBC}") = "Tyuiu.MazurkevichVS.Sprint6.Task1.V8.Test", "Tyuiu.MazurkevichVS.Sprint6.Task1.V8.Test\Tyuiu.MazurkevichVS.Sprint6.Task1.V8.Test.csproj", "{96B21397-18A4-4064-8A48-F61E06FE2306}"
EndProject
Project("{FAE04EC0-301F-11D3-BF4B-00C04F79EFBC}") = "Tyuiu.MazurkevichVS.Sprint6.Task1.V8", "Tyuiu.MazurkevichVS.Sprint6.Task1.V8\Tyuiu.MazurkevichVS.Sprint6.Task1.V8.csproj", "{18DD5B67-D099-4BFB-A282-76A4AC1730EE}"
EndProject
Project("{2150E333-8FDC-42A3-9474-1A3956D46DE8}") = "Task2", "Task2", "{D573EF0D-953B-467E-B082-CCB2D9E48015}"
EndProject
Project("{FAE04EC0-301F-11D3-BF4B-00C04F79EFBC}") = "Tyuiu.MazurkevichVS.Sprint6.Task2.V14.Test", "Tyuiu.MazurkevichVS.Sprint6.Task2.V14.Test\Tyuiu.MazurkevichVS.Sprint6.Task2.V14.Test.csproj", "{28C07829-E039-46F0-8B78-A5464D17B432}"
EndProject
Project("{FAE04EC0-301F-11D3-BF4B-00C04F79EFBC}") = "Tyuiu.MazurkevichVS.Sprint6.Task2.V14.Lib", "Tyuiu.MazurkevichVS.Sprint6.Task2.V14.Lib\Tyuiu.MazurkevichVS.Sprint6.Task2.V14.Lib.csproj", "{6D236DE0-E307-4F0D-993D-7FFB9108FAF2}"
EndProject
Project("{FAE04EC0-301F-11D3-BF4B-00C04F79EFBC}") = "Tyuiu.MazurkevichVS.Sprint6.Task2.V14", "Tyuiu.MazurkevichVS.Sprint6.Task2.V14\Tyuiu.MazurkevichVS.Sprint6.Task2.V14.csproj", "{7C4070DD-7FE0-4A9F-825F-F2DFAA521CAD}"
EndProject
Global
	GlobalSection(SolutionConfigurationPlatforms) = preSolution
		Debug|Any CPU = Debug|Any CPU
		Release|Any CPU = Release|Any CPU
	EndGlobalSection
	GlobalSection(ProjectConfigurationPlatforms) = postSolution
		{2F512070-32A2-496C-B35D-B857C385DE0F}.Debug|Any CPU.ActiveCfg = Debug|Any CPU
		{2F512070-32A2-496C-B35D-B857C385DE0F}.Debug|Any CPU.Build.0 = Debug|Any CPU
		{2F512070-32A2-496C-B35D-B857C385DE0F}.Release|Any CPU.ActiveCfg = Release|Any CPU
		{2F512070-32A2-496C-B35D-B857C385DE0F}.Release|Any CPU.Build.0 = Release|Any CPU
		{DEAB65DB-AFD9-42FB-B272-A6F1266E9965}.Debug|Any CPU.ActiveCfg = Debug|Any CPU
		{DEAB65DB-AFD9-42FB-B272-A6F1266E9965}.Debug|Any CPU.Build.0 = Debug|Any CPU
		{DEAB65DB-AFD9-42FB-B272-A6F1266E9965}.Release|Any CPU.ActiveCfg = Release|Any CPU
		{DEAB65DB-AFD9-42FB-B272-A6F1266E9965}.Release|Any CPU.Build.0 = Release|Any CPU
		{C5D96BB4-0085-4549-96CE-2A420BCF68C2}.Debug|Any CPU.ActiveCfg = Debug|Any CPU
		{C5D96BB4-0085-4549-96CE-2A420BCF68C2}.Debug|Any CPU.Build.0 = Debug|Any CPU
		{C5D96BB4-0085-4549-96CE-2A420BCF68C2}.Release|Any CPU.ActiveCfg = Release|Any CPU
		{C5D96BB4-0085-4549-96CE-2A420BCF68C2}.Release|Any CPU.Build.0 = Release|Any CPU
		{96B21397-18A4-4064-8A48-F61E06FE2306}.Debug|Any CPU.ActiveCfg = Debug|Any CPU
		{96B21397-18A4-4064-8A48-F61E06FE2306}.Debug|Any CPU.Build.0 = Debug|Any CPU
		{96B21397-18A4-4064-8A48-F61E06FE2306}.Release|Any CPU.ActiveCfg = Release|Any CPU
		{96B21397-18A4-4064-8A48-F61E06FE2306}.Release|Any CPU.Build.0 = Release|Any CPU
		{18DD5B67-D099-4BFB-A282-76A4AC1730EE}.Debug|Any CPU.ActiveCfg = Debug|Any CPU
		{18DD5B67-D099-4BFB-A282-76A4AC1730EE}.Debug|Any CPU.Build.0 = Debug|Any CPU
		{18DD5B67-D099-4BFB-A282-76A4AC1730EE}.Release|Any CPU.ActiveCfg = Release|Any CPU
		{18DD5B67-D099-4BFB-A282-76A4AC1730EE}.Release|Any CPU.Build.0 = Release|Any CPU
		{28C07829-E039-46F0-8B78-A5464D17B432}.Debug|Any CPU.ActiveCfg = Debug|Any CPU
		{28C07829-E039-46F0-8B78-A5464D17B432}.Debug|Any CPU.Build.0 = Debug|Any CPU
		{28C07829-E039-46F0-8B78-A5464D17B432}.Release|Any CPU.ActiveCfg = Release|Any CPU
		{28C07829-E039-46F0-8B78-A5464D17B432}.Release|Any CPU.Build.0 = Release|Any CPU
		{6D236DE0-E307-4F0D-993D-7FFB9108FAF2}.Debug|Any CPU.ActiveCfg = Debug|Any CPU
		{6D236DE0-E307-4F0D-993D-7FFB9108FAF2}.Debug|Any CPU.Build.0 = Debug|Any CPU
		{6D236DE0-E307-4F0D-993D-7FFB9108FAF2}.Release|Any CPU.ActiveCfg = Release|Any CPU
		{6D236DE0-E307-4F0D-993D-7FFB9108FAF2}.Release|Any CPU.Build.0 = Release|Any CPU
		{7C4070DD-7FE0-4A9F-825F-F2DFAA521CAD}.Debug|Any CPU.ActiveCfg = Debug|Any CPU
		{7C4070DD-7FE0-4A9F-825F-F2DFAA521CAD}.Debug|Any CPU.Build.0 = Debug|Any CPU
		{7C4070DD-7FE0-4A9F-825F-F2DFAA521CAD}.Release|Any CPU.ActiveCfg = Release|Any CPU
		{7C4070DD-7FE0-4A9F-825F-F2DFAA521CAD}.Release|Any CPU.Build.0 = Release|Any CPU
	EndGlobalSection
	GlobalSection(SolutionProperties) = preSolution
		HideSolutionNode = FALSE
	EndGlobalSection
	GlobalSection(NestedProjects) = preSolution
		{2F512070-32A2-496C-B35D-B857C385DE0F} = {02EA681E-C7D8-13C7-8484-4AC65E1B71E8}
		{DEAB65DB-AFD9-42FB-B272-A6F1266E9965} = {02EA681E-C7D8-13C7-8484-4AC65E1B71E8}
		{C5D96BB4-0085-4549-96CE-2A420BCF68C2} = {AAFDC364-D49B-4FFE-8AB4-7287AFCB04EA}
		{96B21397-18A4-4064-8A48-F61E06FE2306} = {AAFDC364-D49B-4FFE-8AB4-7287AFCB04EA}
		{18DD5B67-D099-4BFB-A282-76A4AC1730EE} = {AAFDC364-D49B-4FFE-8AB4-7287AFCB04EA}
		{28C07829-E039-46F0-8B78-A5464D17B432} = {D573EF0D-953B-467E-B082-CCB2D9E48015}
		{6D236DE0-E307-4F0D-993D-7FFB9108FAF2} = {D573EF0D-953B-467E-B082-CCB2D9E48015}
		{7C4070DD-7FE0-4A9F-825F-F2DFAA521CAD} = {D573EF0D-953B-467E-B082-CCB2D9E48015}
	EndGlobalSection
	GlobalSection(ExtensibilityGlobals) = postSolution
		SolutionGuid = {AE739B33-7406-4780-8DE6-99F95643D958}
	EndGlobalSection
EndGlobal
