
Microsoft Visual Studio Solution File, Format Version 12.00
# Visual Studio Version 17
VisualStudioVersion = 17.14.36717.8 d17.14
MinimumVisualStudioVersion = 10.0.40219.1
Project("{2150E333-8FDC-42A3-9474-1A3956D46DE8}") = "Task0", "Task0", "{02EA681E-C7D8-13C7-8484-4AC65E1B71E8}"
EndProject
Project("{FAE04EC0-301F-11D3-BF4B-00C04F79EFBC}") = "Tyuiu.MazurkevichVS.Sprint6.Task0.V22.Lib", "Tyuiu.MazurkevichVS.Sprint6.Task0.V22.Lib\Tyuiu.MazurkevichVS.Sprint6.Task0.V22.Lib.csproj", "{2F512070-32A2-496C-B35D-B857C385DE0F}"
EndProject
Project("{FAE04EC0-301F-11D3-BF4B-00C04F79EFBC}") = "Tyuiu.MazurkevichVS.Sprint6.Task0.V22.Test", "Tyuiu.MazurkevichVS.Sprint6.Task0.V22.Test\Tyuiu.MazurkevichVS.Sprint6.Task0.V22.Test.csproj", "{DEAB65DB-AFD9-42FB-B272-A6F1266E9965}"
EndProject
Project("{FAE04EC0-301F-11D3-BF4B-00C04F79EFBC}") = "Tyuiu.MazurkevichVS.Sprint6.Task0.V22", "Tyuiu.MazurkevichVS.Sprint6.Task0.V22\Tyuiu.MazurkevichVS.Sprint6.Task0.V22.csproj", "{42CB239E-8D38-4B42-A0E9-CE7D21362DA3}"
EndProject
Global
	GlobalSection(SolutionConfigurationPlatforms) = preSolution
		Debug|Any CPU = Debug|Any CPU
		Release|Any CPU = Release|Any CPU
	EndGlobalSection
	GlobalSection(ProjectConfigurationPlatforms) = postSolution
		{2F512070-32A2-496C-B35D-B857C385DE0F}.Debug|Any CPU.ActiveCfg = Debug|Any CPU
		{2F512070-32A2-496C-B35D-B857C385DE0F}.Debug|Any CPU.Build.0 = Debug|Any CPU
		{2F512070-32A2-496C-B35D-B857C385DE0F}.Release|Any CPU.ActiveCfg = Release|Any CPU
		{2F512070-32A2-496C-B35D-B857C385DE0F}.Release|Any CPU.Build.0 = Release|Any CPU
		{DEAB65DB-AFD9-42FB-B272-A6F1266E9965}.Debug|Any CPU.ActiveCfg = Debug|Any CPU
		{DEAB65DB-AFD9-42FB-B272-A6F1266E9965}.Debug|Any CPU.Build.0 = Debug|Any CPU
		{DEAB65DB-AFD9-42FB-B272-A6F1266E9965}.Release|Any CPU.ActiveCfg = Release|Any CPU
		{DEAB65DB-AFD9-42FB-B272-A6F1266E9965}.Release|Any CPU.Build.0 = Release|Any CPU
		{42CB239E-8D38-4B42-A0E9-CE7D21362DA3}.Debug|Any CPU.ActiveCfg = Debug|Any CPU
		{42CB239E-8D38-4B42-A0E9-CE7D21362DA3}.Debug|Any CPU.Build.0 = Debug|Any CPU
		{42CB239E-8D38-4B42-A0E9-CE7D21362DA3}.Release|Any CPU.ActiveCfg = Release|Any CPU
		{42CB239E-8D38-4B42-A0E9-CE7D21362DA3}.Release|Any CPU.Build.0 = Release|Any CPU
	EndGlobalSection
	GlobalSection(SolutionProperties) = preSolution
		HideSolutionNode = FALSE
	EndGlobalSection
	GlobalSection(NestedProjects) = preSolution
		{2F512070-32A2-496C-B35D-B857C385DE0F} = {02EA681E-C7D8-13C7-8484-4AC65E1B71E8}
		{DEAB65DB-AFD9-42FB-B272-A6F1266E9965} = {02EA681E-C7D8-13C7-8484-4AC65E1B71E8}
		{42CB239E-8D38-4B42-A0E9-CE7D21362DA3} = {02EA681E-C7D8-13C7-8484-4AC65E1B71E8}
	EndGlobalSection
	GlobalSection(ExtensibilityGlobals) = postSolution
		SolutionGuid = {AE739B33-7406-4780-8DE6-99F95643D958}
	EndGlobalSection
EndGlobal
