
Microsoft Visual Studio Solution File, Format Version 12.00
# Visual Studio Version 17
VisualStudioVersion = 17.14.36717.8
MinimumVisualStudioVersion = 10.0.40219.1
Project("{2150E333-8FDC-42A3-9474-1A3956D46DE8}") = "Task0", "Task0", "{02EA681E-C7D8-13C7-8484-4AC65E1B71E8}"
EndProject
Project("{FAE04EC0-301F-11D3-BF4B-00C04F79EFBC}") = "Tyuiu.MazurkevichVS.Sprint6.Task0.V22.Lib", "Tyuiu.MazurkevichVS.Sprint6.Task0.V22.Lib\Tyuiu.MazurkevichVS.Sprint6.Task0.V22.Lib.csproj", "{2F512070-32A2-496C-B35D-B857C385DE0F}"
EndProject
Project("{FAE04EC0-301F-11D3-BF4B-00C04F79EFBC}") = "Tyuiu.MazurkevichVS.Sprint6.Task0.V22.Test", "Tyuiu.MazurkevichVS.Sprint6.Task0.V22.Test\Tyuiu.MazurkevichVS.Sprint6.Task0.V22.Test.csproj", "{DEAB65DB-AFD9-42FB-B272-A6F1266E9965}"
EndProject
Project("{2150E333-8FDC-42A3-9474-1A3956D46DE8}") = "Task1", "Task1", "{AAFDC364-D49B-4FFE-8AB4-7287AFCB04EA}"
EndProject
Project("{FAE04EC0-301F-11D3-BF4B-00C04F79EFBC}") = "Tyuiu.MazurkevichVS.Sprint6.Task1.V8.Lib", "Tyuiu.MazurkevichVS.Sprint6.Task1.V8.Lib\Tyuiu.MazurkevichVS.Sprint6.Task1.V8.Lib.csproj", "{C5D96BB4-0085-4549-96CE-2A420BCF68C2}"
EndProject
Project("{FAE04EC0-301F-11D3-BF4B-00C04F79EFBC}") = "Tyuiu.MazurkevichVS.Sprint6.Task1.V8.Test", "Tyuiu.MazurkevichVS.Sprint6.Task1.V8.Test\Tyuiu.MazurkevichVS.Sprint6.Task1.V8.Test.csproj", "{96B21397-18A4-4064-8A48-F61E06FE2306}"
EndProject
Project("{FAE04EC0-301F-11D3-BF4B-00C04F79EFBC}") = "Tyuiu.MazurkevichVS.Sprint6.Task1.V8", "Tyuiu.MazurkevichVS.Sprint6.Task1.V8\Tyuiu.MazurkevichVS.Sprint6.Task1.V8.csproj", "{18DD5B67-D099-4BFB-A282-76A4AC1730EE}"
EndProject
Project("{2150E333-8FDC-42A3-9474-1A3956D46DE8}") = "Task2", "Task2", "{D573EF0D-953B-467E-B082-CCB2D9E48015}"
EndProject
Project("{FAE04EC0-301F-11D3-BF4B-00C04F79EFBC}") = "Tyuiu.MazurkevichVS.Sprint6.Task2.V14.Test", "Tyuiu.MazurkevichVS.Sprint6.Task2.V14.Test\Tyuiu.MazurkevichVS.Sprint6.Task2.V14.Test.csproj", "{28C07829-E039-46F0-8B78-A5464D17B432}"
EndProject
Project("{FAE04EC0-301F-11D3-BF4B-00C04F79EFBC}") = "Tyuiu.MazurkevichVS.Sprint6.Task2.V14.Lib", "Tyuiu.MazurkevichVS.Sprint6.Task2.V14.Lib\Tyuiu.MazurkevichVS.Sprint6.Task2.V14.Lib.csproj", "{6D236DE0-E307-4F0D-993D-7FFB9108FAF2}"
EndProject
Project("{FAE04EC0-301F-11D3-BF4B-00C04F79EFBC}") = "Tyuiu.MazurkevichVS.Sprint6.Task2.V14", "Tyuiu.MazurkevichVS.Sprint6.Task2.V14\Tyuiu.MazurkevichVS.Sprint6.Task2.V14.csproj", "{7C4070DD-7FE0-4A9F-825F-F2DFAA521CAD}"
EndProject
Project("{2150E333-8FDC-42A3-9474-1A3956D46DE8}") = "Task3", "Task3", "{C44E0608-E4F2-4989-ABBD-AD416C058CCA}"
EndProject
Project("{FAE04EC0-301F-11D3-BF4B-00C04F79EFBC}") = "Tyuiu.MazurkevichVS.Sprint6.Task3.V28.Lib", "Tyuiu.MazurkevichVS.Sprint6.Task3.V28.Lib\Tyuiu.MazurkevichVS.Sprint6.Task3.V28.Lib.csproj", "{E84FD747-6B49-4ACA-8AA4-C1BB2C0F4C9E}"
EndProject
Project("{FAE04EC0-301F-11D3-BF4B-00C04F79EFBC}") = "Tyuiu.MazurkevichVS.Sprint6.Task3.V28.Test", "Tyuiu.MazurkevichVS.Sprint6.Task3.V28.Test\Tyuiu.MazurkevichVS.Sprint6.Task3.V28.Test.csproj", "{A239EC4B-B6A9-4439-87DA-3AF819D94CBF}"
EndProject
Project("{FAE04EC0-301F-11D3-BF4B-00C04F79EFBC}") = "Tyuiu.MazurkevichVS.Sprint6.Task3.V28", "Tyuiu.MazurkevichVS.Sprint6.Task3.V28\Tyuiu.MazurkevichVS.Sprint6.Task3.V28.csproj", "{6787418A-7115-4FF6-9D03-52EF10047ABA}"
EndProject
Project("{2150E333-8FDC-42A3-9474-1A3956D46DE8}") = "Task4", "Task4", "{89742A1E-95C0-4DB5-B727-169D68884CAA}"
EndProject
Project("{FAE04EC0-301F-11D3-BF4B-00C04F79EFBC}") = "Tyuiu.MazurkevichVS.Sprint6.Task4.V7.Lib", "Tyuiu.MazurkevichVS.Sprint6.Task4.V7.Lib\Tyuiu.MazurkevichVS.Sprint6.Task4.V7.Lib.csproj", "{5490D98D-0CBA-4C2E-A226-86204DD7A7C9}"
EndProject
Project("{FAE04EC0-301F-11D3-BF4B-00C04F79EFBC}") = "Tyuiu.MazurkevichVS.Sprint6.Task4.V7.Test", "Tyuiu.MazurkevichVS.Sprint6.Task4.V7.Test\Tyuiu.MazurkevichVS.Sprint6.Task4.V7.Test.csproj", "{D1FBEB2F-8F80-49A4-AE7E-B5367E3BC2D8}"
EndProject
Project("{FAE04EC0-301F-11D3-BF4B-00C04F79EFBC}") = "Tyuiu.MazurkevichVS.Sprint6.Task4.V7", "Tyuiu.MazurkevichVS.Sprint6.Task4.V7\Tyuiu.MazurkevichVS.Sprint6.Task4.V7.csproj", "{A5E5A4C2-BC9E-4615-B902-004B30656A03}"
EndProject
Project("{2150E333-8FDC-42A3-9474-1A3956D46DE8}") = "Task5", "Task5", "{CCBE4C5D-0DBB-4379-8605-54EB92761C0C}"
EndProject
Project("{FAE04EC0-301F-11D3-BF4B-00C04F79EFBC}") = "Tyuiu.MazurkevichVS.Sprint6.Task5.V1.Test", "Tyuiu.MazurkevichVS.Sprint6.Task5.V1.Test\Tyuiu.MazurkevichVS.Sprint6.Task5.V1.Test.csproj", "{C44A32EA-79E4-4A1F-A473-F488171E9080}"
EndProject
Project("{FAE04EC0-301F-11D3-BF4B-00C04F79EFBC}") = "Tyuiu.MazurkevichVS.Sprint6.Task5.V1.Lib", "Tyuiu.MazurkevichVS.Sprint6.Task5.V1.Lib\Tyuiu.MazurkevichVS.Sprint6.Task5.V1.Lib.csproj", "{717A6071-F310-456D-863B-59ACDF310504}"
EndProject
Project("{FAE04EC0-301F-11D3-BF4B-00C04F79EFBC}") = "Tyuiu.MazurkevichVS.Sprint6.Task5.V1", "Tyuiu.MazurkevichVS.Sprint6.Task5.V1\Tyuiu.MazurkevichVS.Sprint6.Task5.V1.csproj", "{077EE6CB-5305-4EC8-9440-1B18AC222C23}"
EndProject
Project("{2150E333-8FDC-42A3-9474-1A3956D46DE8}") = "Task6", "Task6", "{C94AAA67-A4F1-487C-B299-BB3D5E645018}"
EndProject
Project("{FAE04EC0-301F-11D3-BF4B-00C04F79EFBC}") = "Tyuiu.MazurkevichVS.Sprint6.Task6.V8.Test", "Tyuiu.MazurkevichVS.Sprint6.Task6.V8.Test\Tyuiu.MazurkevichVS.Sprint6.Task6.V8.Test.csproj", "{5C1F48F6-31B0-49A4-90AE-C2C44A26A7EE}"
EndProject
Project("{FAE04EC0-301F-11D3-BF4B-00C04F79EFBC}") = "Tyuiu.MazurkevichVS.Sprint6.Task6.V8", "Tyuiu.MazurkevichVS.Sprint6.Task6.V8\Tyuiu.MazurkevichVS.Sprint6.Task6.V8.csproj", "{81886EE9-7810-41CB-8726-0153C9673337}"
EndProject
Project("{FAE04EC0-301F-11D3-BF4B-00C04F79EFBC}") = "Tyuiu.MazurkevichVS.Sprint6.Task6.V8.Lib", "Tyuiu.MazurkevichVS.Sprint6.Task6.V8.Lib\Tyuiu.MazurkevichVS.Sprint6.Task6.V8.Lib.csproj", "{D5D87AC9-A0CF-4883-9F8E-E174A088D52F}"
EndProject
Global
	GlobalSection(SolutionConfigurationPlatforms) = preSolution
		Debug|Any CPU = Debug|Any CPU
		Release|Any CPU = Release|Any CPU
	EndGlobalSection
	GlobalSection(ProjectConfigurationPlatforms) = postSolution
		{2F512070-32A2-496C-B35D-B857C385DE0F}.Debug|Any CPU.ActiveCfg = Debug|Any CPU
		{2F512070-32A2-496C-B35D-B857C385DE0F}.Debug|Any CPU.Build.0 = Debug|Any CPU
		{2F512070-32A2-496C-B35D-B857C385DE0F}.Release|Any CPU.ActiveCfg = Release|Any CPU
		{2F512070-32A2-496C-B35D-B857C385DE0F}.Release|Any CPU.Build.0 = Release|Any CPU
		{DEAB65DB-AFD9-42FB-B272-A6F1266E9965}.Debug|Any CPU.ActiveCfg = Debug|Any CPU
		{DEAB65DB-AFD9-42FB-B272-A6F1266E9965}.Debug|Any CPU.Build.0 = Debug|Any CPU
		{DEAB65DB-AFD9-42FB-B272-A6F1266E9965}.Release|Any CPU.ActiveCfg = Release|Any CPU
		{DEAB65DB-AFD9-42FB-B272-A6F1266E9965}.Release|Any CPU.Build.0 = Release|Any CPU
		{C5D96BB4-0085-4549-96CE-2A420BCF68C2}.Debug|Any CPU.ActiveCfg = Debug|Any CPU
		{C5D96BB4-0085-4549-96CE-2A420BCF68C2}.Debug|Any CPU.Build.0 = Debug|Any CPU
		{C5D96BB4-0085-4549-96CE-2A420BCF68C2}.Release|Any CPU.ActiveCfg = Release|Any CPU
		{C5D96BB4-0085-4549-96CE-2A420BCF68C2}.Release|Any CPU.Build.0 = Release|Any CPU
		{96B21397-18A4-4064-8A48-F61E06FE2306}.Debug|Any CPU.ActiveCfg = Debug|Any CPU
		{96B21397-18A4-4064-8A48-F61E06FE2306}.Debug|Any CPU.Build.0 = Debug|Any CPU
		{96B21397-18A4-4064-8A48-F61E06FE2306}.Release|Any CPU.ActiveCfg = Release|Any CPU
		{96B21397-18A4-4064-8A48-F61E06FE2306}.Release|Any CPU.Build.0 = Release|Any CPU
		{18DD5B67-D099-4BFB-A282-76A4AC1730EE}.Debug|Any CPU.ActiveCfg = Debug|Any CPU
		{18DD5B67-D099-4BFB-A282-76A4AC1730EE}.Debug|Any CPU.Build.0 = Debug|Any CPU
		{18DD5B67-D099-4BFB-A282-76A4AC1730EE}.Release|Any CPU.ActiveCfg = Release|Any CPU
		{18DD5B67-D099-4BFB-A282-76A4AC1730EE}.Release|Any CPU.Build.0 = Release|Any CPU
		{28C07829-E039-46F0-8B78-A5464D17B432}.Debug|Any CPU.ActiveCfg = Debug|Any CPU
		{28C07829-E039-46F0-8B78-A5464D17B432}.Debug|Any CPU.Build.0 = Debug|Any CPU
		{28C07829-E039-46F0-8B78-A5464D17B432}.Release|Any CPU.ActiveCfg = Release|Any CPU
		{28C07829-E039-46F0-8B78-A5464D17B432}.Release|Any CPU.Build.0 = Release|Any CPU
		{6D236DE0-E307-4F0D-993D-7FFB9108FAF2}.Debug|Any CPU.ActiveCfg = Debug|Any CPU
		{6D236DE0-E307-4F0D-993D-7FFB9108FAF2}.Debug|Any CPU.Build.0 = Debug|Any CPU
		{6D236DE0-E307-4F0D-993D-7FFB9108FAF2}.Release|Any CPU.ActiveCfg = Release|Any CPU
		{6D236DE0-E307-4F0D-993D-7FFB9108FAF2}.Release|Any CPU.Build.0 = Release|Any CPU
		{7C4070DD-7FE0-4A9F-825F-F2DFAA521CAD}.Debug|Any CPU.ActiveCfg = Debug|Any CPU
		{7C4070DD-7FE0-4A9F-825F-F2DFAA521CAD}.Debug|Any CPU.Build.0 = Debug|Any CPU
		{7C4070DD-7FE0-4A9F-825F-F2DFAA521CAD}.Release|Any CPU.ActiveCfg = Release|Any CPU
		{7C4070DD-7FE0-4A9F-825F-F2DFAA521CAD}.Release|Any CPU.Build.0 = Release|Any CPU
		{E84FD747-6B49-4ACA-8AA4-C1BB2C0F4C9E}.Debug|Any CPU.ActiveCfg = Debug|Any CPU
		{E84FD747-6B49-4ACA-8AA4-C1BB2C0F4C9E}.Debug|Any CPU.Build.0 = Debug|Any CPU
		{E84FD747-6B49-4ACA-8AA4-C1BB2C0F4C9E}.Release|Any CPU.ActiveCfg = Release|Any CPU
		{E84FD747-6B49-4ACA-8AA4-C1BB2C0F4C9E}.Release|Any CPU.Build.0 = Release|Any CPU
		{A239EC4B-B6A9-4439-87DA-3AF819D94CBF}.Debug|Any CPU.ActiveCfg = Debug|Any CPU
		{A239EC4B-B6A9-4439-87DA-3AF819D94CBF}.Debug|Any CPU.Build.0 = Debug|Any CPU
		{A239EC4B-B6A9-4439-87DA-3AF819D94CBF}.Release|Any CPU.ActiveCfg = Release|Any CPU
		{A239EC4B-B6A9-4439-87DA-3AF819D94CBF}.Release|Any CPU.Build.0 = Release|Any CPU
		{6787418A-7115-4FF6-9D03-52EF10047ABA}.Debug|Any CPU.ActiveCfg = Debug|Any CPU
		{6787418A-7115-4FF6-9D03-52EF10047ABA}.Debug|Any CPU.Build.0 = Debug|Any CPU
		{6787418A-7115-4FF6-9D03-52EF10047ABA}.Release|Any CPU.ActiveCfg = Release|Any CPU
		{6787418A-7115-4FF6-9D03-52EF10047ABA}.Release|Any CPU.Build.0 = Release|Any CPU
		{5490D98D-0CBA-4C2E-A226-86204DD7A7C9}.Debug|Any CPU.ActiveCfg = Debug|Any CPU
		{5490D98D-0CBA-4C2E-A226-86204DD7A7C9}.Debug|Any CPU.Build.0 = Debug|Any CPU
		{5490D98D-0CBA-4C2E-A226-86204DD7A7C9}.Release|Any CPU.ActiveCfg = Release|Any CPU
		{5490D98D-0CBA-4C2E-A226-86204DD7A7C9}.Release|Any CPU.Build.0 = Release|Any CPU
		{D1FBEB2F-8F80-49A4-AE7E-B5367E3BC2D8}.Debug|Any CPU.ActiveCfg = Debug|Any CPU
		{D1FBEB2F-8F80-49A4-AE7E-B5367E3BC2D8}.Debug|Any CPU.Build.0 = Debug|Any CPU
		{D1FBEB2F-8F80-49A4-AE7E-B5367E3BC2D8}.Release|Any CPU.ActiveCfg = Release|Any CPU
		{D1FBEB2F-8F80-49A4-AE7E-B5367E3BC2D8}.Release|Any CPU.Build.0 = Release|Any CPU
		{A5E5A4C2-BC9E-4615-B902-004B30656A03}.Debug|Any CPU.ActiveCfg = Debug|Any CPU
		{A5E5A4C2-BC9E-4615-B902-004B30656A03}.Debug|Any CPU.Build.0 = Debug|Any CPU
		{A5E5A4C2-BC9E-4615-B902-004B30656A03}.Release|Any CPU.ActiveCfg = Release|Any CPU
		{A5E5A4C2-BC9E-4615-B902-004B30656A03}.Release|Any CPU.Build.0 = Release|Any CPU
		{C44A32EA-79E4-4A1F-A473-F488171E9080}.Debug|Any CPU.ActiveCfg = Debug|Any CPU
		{C44A32EA-79E4-4A1F-A473-F488171E9080}.Debug|Any CPU.Build.0 = Debug|Any CPU
		{C44A32EA-79E4-4A1F-A473-F488171E9080}.Release|Any CPU.ActiveCfg = Release|Any CPU
		{C44A32EA-79E4-4A1F-A473-F488171E9080}.Release|Any CPU.Build.0 = Release|Any CPU
		{717A6071-F310-456D-863B-59ACDF310504}.Debug|Any CPU.ActiveCfg = Debug|Any CPU
		{717A6071-F310-456D-863B-59ACDF310504}.Debug|Any CPU.Build.0 = Debug|Any CPU
		{717A6071-F310-456D-863B-59ACDF310504}.Release|Any CPU.ActiveCfg = Release|Any CPU
		{717A6071-F310-456D-863B-59ACDF310504}.Release|Any CPU.Build.0 = Release|Any CPU
		{077EE6CB-5305-4EC8-9440-1B18AC222C23}.Debug|Any CPU.ActiveCfg = Debug|Any CPU
		{077EE6CB-5305-4EC8-9440-1B18AC222C23}.Debug|Any CPU.Build.0 = Debug|Any CPU
		{077EE6CB-5305-4EC8-9440-1B18AC222C23}.Release|Any CPU.ActiveCfg = Release|Any CPU
		{077EE6CB-5305-4EC8-9440-1B18AC222C23}.Release|Any CPU.Build.0 = Release|Any CPU
		{5C1F48F6-31B0-49A4-90AE-C2C44A26A7EE}.Debug|Any CPU.ActiveCfg = Debug|Any CPU
		{5C1F48F6-31B0-49A4-90AE-C2C44A26A7EE}.Debug|Any CPU.Build.0 = Debug|Any CPU
		{5C1F48F6-31B0-49A4-90AE-C2C44A26A7EE}.Release|Any CPU.ActiveCfg = Release|Any CPU
		{5C1F48F6-31B0-49A4-90AE-C2C44A26A7EE}.Release|Any CPU.Build.0 = Release|Any CPU
		{81886EE9-7810-41CB-8726-0153C9673337}.Debug|Any CPU.ActiveCfg = Debug|Any CPU
		{81886EE9-7810-41CB-8726-0153C9673337}.Debug|Any CPU.Build.0 = Debug|Any CPU
		{81886EE9-7810-41CB-8726-0153C9673337}.Release|Any CPU.ActiveCfg = Release|Any CPU
		{81886EE9-7810-41CB-8726-0153C9673337}.Release|Any CPU.Build.0 = Release|Any CPU
		{D5D87AC9-A0CF-4883-9F8E-E174A088D52F}.Debug|Any CPU.ActiveCfg = Debug|Any CPU
		{D5D87AC9-A0CF-4883-9F8E-E174A088D52F}.Debug|Any CPU.Build.0 = Debug|Any CPU
		{D5D87AC9-A0CF-4883-9F8E-E174A088D52F}.Release|Any CPU.ActiveCfg = Release|Any CPU
		{D5D87AC9-A0CF-4883-9F8E-E174A088D52F}.Release|Any CPU.Build.0 = Release|Any CPU
	EndGlobalSection
	GlobalSection(SolutionProperties) = preSolution
		HideSolutionNode = FALSE
	EndGlobalSection
	GlobalSection(NestedProjects) = preSolution
		{2F512070-32A2-496C-B35D-B857C385DE0F} = {02EA681E-C7D8-13C7-8484-4AC65E1B71E8}
		{DEAB65DB-AFD9-42FB-B272-A6F1266E9965} = {02EA681E-C7D8-13C7-8484-4AC65E1B71E8}
		{C5D96BB4-0085-4549-96CE-2A420BCF68C2} = {AAFDC364-D49B-4FFE-8AB4-7287AFCB04EA}
		{96B21397-18A4-4064-8A48-F61E06FE2306} = {AAFDC364-D49B-4FFE-8AB4-7287AFCB04EA}
		{18DD5B67-D099-4BFB-A282-76A4AC1730EE} = {AAFDC364-D49B-4FFE-8AB4-7287AFCB04EA}
		{28C07829-E039-46F0-8B78-A5464D17B432} = {D573EF0D-953B-467E-B082-CCB2D9E48015}
		{6D236DE0-E307-4F0D-993D-7FFB9108FAF2} = {D573EF0D-953B-467E-B082-CCB2D9E48015}
		{7C4070DD-7FE0-4A9F-825F-F2DFAA521CAD} = {D573EF0D-953B-467E-B082-CCB2D9E48015}
		{E84FD747-6B49-4ACA-8AA4-C1BB2C0F4C9E} = {C44E0608-E4F2-4989-ABBD-AD416C058CCA}
		{A239EC4B-B6A9-4439-87DA-3AF819D94CBF} = {C44E0608-E4F2-4989-ABBD-AD416C058CCA}
		{6787418A-7115-4FF6-9D03-52EF10047ABA} = {C44E0608-E4F2-4989-ABBD-AD416C058CCA}
		{5490D98D-0CBA-4C2E-A226-86204DD7A7C9} = {89742A1E-95C0-4DB5-B727-169D68884CAA}
		{D1FBEB2F-8F80-49A4-AE7E-B5367E3BC2D8} = {89742A1E-95C0-4DB5-B727-169D68884CAA}
		{A5E5A4C2-BC9E-4615-B902-004B30656A03} = {89742A1E-95C0-4DB5-B727-169D68884CAA}
		{C44A32EA-79E4-4A1F-A473-F488171E9080} = {CCBE4C5D-0DBB-4379-8605-54EB92761C0C}
		{717A6071-F310-456D-863B-59ACDF310504} = {CCBE4C5D-0DBB-4379-8605-54EB92761C0C}
		{077EE6CB-5305-4EC8-9440-1B18AC222C23} = {CCBE4C5D-0DBB-4379-8605-54EB92761C0C}
		{5C1F48F6-31B0-49A4-90AE-C2C44A26A7EE} = {C94AAA67-A4F1-487C-B299-BB3D5E645018}
		{81886EE9-7810-41CB-8726-0153C9673337} = {C94AAA67-A4F1-487C-B299-BB3D5E645018}
		{D5D87AC9-A0CF-4883-9F8E-E174A088D52F} = {C94AAA67-A4F1-487C-B299-BB3D5E645018}
	EndGlobalSection
	GlobalSection(ExtensibilityGlobals) = postSolution
		SolutionGuid = {AE739B33-7406-4780-8DE6-99F95643D958}
	EndGlobalSection
EndGlobal
